
Microsoft Visual Studio Solution File, Format Version 12.00
# Visual Studio 2012
Project("{FAE04EC0-301F-11D3-BF4B-00C04F79EFBC}") = "Shell", "Shell\Shell.csproj", "{776C1C5A-3845-40EB-9AB4-004A5756FBFD}"
EndProject
Global
	GlobalSection(SolutionConfigurationPlatforms) = preSolution
		Debug|Any CPU = Debug|Any CPU
		Release|Any CPU = Release|Any CPU
	EndGlobalSection
	GlobalSection(ProjectConfigurationPlatforms) = postSolution
		{776C1C5A-3845-40EB-9AB4-004A5756FBFD}.Debug|Any CPU.ActiveCfg = Debug|Any CPU
		{776C1C5A-3845-40EB-9AB4-004A5756FBFD}.Debug|Any CPU.Build.0 = Debug|Any CPU
		{776C1C5A-3845-40EB-9AB4-004A5756FBFD}.Release|Any CPU.ActiveCfg = Release|Any CPU
		{776C1C5A-3845-40EB-9AB4-004A5756FBFD}.Release|Any CPU.Build.0 = Release|Any CPU
	EndGlobalSection
	GlobalSection(SolutionProperties) = preSolution
		HideSolutionNode = FALSE
	EndGlobalSection
EndGlobal
